
Microsoft Visual Studio Solution File, Format Version 12.00
# Visual Studio Version 16
VisualStudioVersion = 16.0.31205.134
MinimumVisualStudioVersion = 10.0.40219.1
Project("{FAE04EC0-301F-11D3-BF4B-00C04F79EFBC}") = "ConsoleToWebApp2", "ConsoleToWebApp2\ConsoleToWebApp2.csproj", "{ABC6D97B-AD94-413C-A0DD-E12AE8DBE068}"
EndProject
Global
	GlobalSection(SolutionConfigurationPlatforms) = preSolution
		Debug|Any CPU = Debug|Any CPU
		Release|Any CPU = Release|Any CPU
	EndGlobalSection
	GlobalSection(ProjectConfigurationPlatforms) = postSolution
		{ABC6D97B-AD94-413C-A0DD-E12AE8DBE068}.Debug|Any CPU.ActiveCfg = Debug|Any CPU
		{ABC6D97B-AD94-413C-A0DD-E12AE8DBE068}.Debug|Any CPU.Build.0 = Debug|Any CPU
		{ABC6D97B-AD94-413C-A0DD-E12AE8DBE068}.Release|Any CPU.ActiveCfg = Release|Any CPU
		{ABC6D97B-AD94-413C-A0DD-E12AE8DBE068}.Release|Any CPU.Build.0 = Release|Any CPU
	EndGlobalSection
	GlobalSection(SolutionProperties) = preSolution
		HideSolutionNode = FALSE
	EndGlobalSection
	GlobalSection(ExtensibilityGlobals) = postSolution
		SolutionGuid = {2B9A22B6-1A8C-4ADD-A3A0-3C89D6877D41}
	EndGlobalSection
EndGlobal
