
Microsoft Visual Studio Solution File, Format Version 12.00
# Visual Studio Version 16
VisualStudioVersion = 16.0.31129.286
MinimumVisualStudioVersion = 10.0.40219.1
Project("{FAE04EC0-301F-11D3-BF4B-00C04F79EFBC}") = "V1", "V1\V1.csproj", "{E8F04B14-6716-46F4-88F5-9D8DAF1918BC}"
EndProject
Global
	GlobalSection(SolutionConfigurationPlatforms) = preSolution
		Debug|Any CPU = Debug|Any CPU
		Release|Any CPU = Release|Any CPU
	EndGlobalSection
	GlobalSection(ProjectConfigurationPlatforms) = postSolution
		{E8F04B14-6716-46F4-88F5-9D8DAF1918BC}.Debug|Any CPU.ActiveCfg = Debug|Any CPU
		{E8F04B14-6716-46F4-88F5-9D8DAF1918BC}.Debug|Any CPU.Build.0 = Debug|Any CPU
		{E8F04B14-6716-46F4-88F5-9D8DAF1918BC}.Release|Any CPU.ActiveCfg = Release|Any CPU
		{E8F04B14-6716-46F4-88F5-9D8DAF1918BC}.Release|Any CPU.Build.0 = Release|Any CPU
	EndGlobalSection
	GlobalSection(SolutionProperties) = preSolution
		HideSolutionNode = FALSE
	EndGlobalSection
	GlobalSection(ExtensibilityGlobals) = postSolution
		SolutionGuid = {C994B9F1-A9E0-4AC3-A2BD-862963315188}
	EndGlobalSection
EndGlobal
