
Microsoft Visual Studio Solution File, Format Version 12.00
# Visual Studio Version 16
VisualStudioVersion = 16.0.32428.249
MinimumVisualStudioVersion = 10.0.40219.1
Project("{FAE04EC0-301F-11D3-BF4B-00C04F79EFBC}") = "ConfigOptions", "ConfigOptions\ConfigOptions.csproj", "{1645CD9C-80F6-4A8D-92E1-D82910C0D811}"
EndProject
Global
	GlobalSection(SolutionConfigurationPlatforms) = preSolution
		Debug|Any CPU = Debug|Any CPU
		Release|Any CPU = Release|Any CPU
	EndGlobalSection
	GlobalSection(ProjectConfigurationPlatforms) = postSolution
		{1645CD9C-80F6-4A8D-92E1-D82910C0D811}.Debug|Any CPU.ActiveCfg = Debug|Any CPU
		{1645CD9C-80F6-4A8D-92E1-D82910C0D811}.Debug|Any CPU.Build.0 = Debug|Any CPU
		{1645CD9C-80F6-4A8D-92E1-D82910C0D811}.Release|Any CPU.ActiveCfg = Release|Any CPU
		{1645CD9C-80F6-4A8D-92E1-D82910C0D811}.Release|Any CPU.Build.0 = Release|Any CPU
	EndGlobalSection
	GlobalSection(SolutionProperties) = preSolution
		HideSolutionNode = FALSE
	EndGlobalSection
	GlobalSection(ExtensibilityGlobals) = postSolution
		SolutionGuid = {5BF147CA-0BF0-4B17-B9DF-03A3814D1715}
	EndGlobalSection
EndGlobal
