
Microsoft Visual Studio Solution File, Format Version 12.00
# Visual Studio Version 16
VisualStudioVersion = 16.0.32413.511
MinimumVisualStudioVersion = 10.0.40219.1
Project("{9A19103F-16F7-4668-BE54-9A1E7A4F7556}") = "LoggingConsole", "Logging\LoggingConsole.csproj", "{0BD0BF94-A457-4075-B055-A60E319FFE96}"
EndProject
Project("{9A19103F-16F7-4668-BE54-9A1E7A4F7556}") = "LoggingFileNLog", "LoggingFileNLog\LoggingFileNLog.csproj", "{32DB2483-39FB-412C-9BEA-2E70C39B4F7D}"
EndProject
Project("{FAE04EC0-301F-11D3-BF4B-00C04F79EFBC}") = "LoggingSerilog", "LoggingSerilog\LoggingSerilog.csproj", "{CF5657E0-65B9-4A7D-858A-E33E9B960896}"
EndProject
Global
	GlobalSection(SolutionConfigurationPlatforms) = preSolution
		Debug|Any CPU = Debug|Any CPU
		Release|Any CPU = Release|Any CPU
	EndGlobalSection
	GlobalSection(ProjectConfigurationPlatforms) = postSolution
		{0BD0BF94-A457-4075-B055-A60E319FFE96}.Debug|Any CPU.ActiveCfg = Debug|Any CPU
		{0BD0BF94-A457-4075-B055-A60E319FFE96}.Debug|Any CPU.Build.0 = Debug|Any CPU
		{0BD0BF94-A457-4075-B055-A60E319FFE96}.Release|Any CPU.ActiveCfg = Release|Any CPU
		{0BD0BF94-A457-4075-B055-A60E319FFE96}.Release|Any CPU.Build.0 = Release|Any CPU
		{32DB2483-39FB-412C-9BEA-2E70C39B4F7D}.Debug|Any CPU.ActiveCfg = Debug|Any CPU
		{32DB2483-39FB-412C-9BEA-2E70C39B4F7D}.Debug|Any CPU.Build.0 = Debug|Any CPU
		{32DB2483-39FB-412C-9BEA-2E70C39B4F7D}.Release|Any CPU.ActiveCfg = Release|Any CPU
		{32DB2483-39FB-412C-9BEA-2E70C39B4F7D}.Release|Any CPU.Build.0 = Release|Any CPU
		{CF5657E0-65B9-4A7D-858A-E33E9B960896}.Debug|Any CPU.ActiveCfg = Debug|Any CPU
		{CF5657E0-65B9-4A7D-858A-E33E9B960896}.Debug|Any CPU.Build.0 = Debug|Any CPU
		{CF5657E0-65B9-4A7D-858A-E33E9B960896}.Release|Any CPU.ActiveCfg = Release|Any CPU
		{CF5657E0-65B9-4A7D-858A-E33E9B960896}.Release|Any CPU.Build.0 = Release|Any CPU
	EndGlobalSection
	GlobalSection(SolutionProperties) = preSolution
		HideSolutionNode = FALSE
	EndGlobalSection
	GlobalSection(ExtensibilityGlobals) = postSolution
		SolutionGuid = {0B90E2F1-D0B4-4A56-8CF1-361E4F3D66E6}
	EndGlobalSection
EndGlobal
